
Microsoft Visual Studio Solution File, Format Version 12.00
# Visual Studio 2013
VisualStudioVersion = 12.0.31101.0
MinimumVisualStudioVersion = 10.0.40219.1
Project("{FAE04EC0-301F-11D3-BF4B-00C04F79EFBC}") = "BedSharpTests", "BedSharpTests\BedSharpTests.csproj", "{121F3CCB-39D0-49BF-97CB-3F8CACCACE09}"
EndProject
Project("{FAE04EC0-301F-11D3-BF4B-00C04F79EFBC}") = "BedSharp", "BedSharp\BedSharp.csproj", "{DECC7183-A323-468A-8E5F-E647251E25BD}"
EndProject
Global
	GlobalSection(SolutionConfigurationPlatforms) = preSolution
		Debug|Any CPU = Debug|Any CPU
		Release|Any CPU = Release|Any CPU
	EndGlobalSection
	GlobalSection(ProjectConfigurationPlatforms) = postSolution
		{121F3CCB-39D0-49BF-97CB-3F8CACCACE09}.Debug|Any CPU.ActiveCfg = Debug|Any CPU
		{121F3CCB-39D0-49BF-97CB-3F8CACCACE09}.Debug|Any CPU.Build.0 = Debug|Any CPU
		{121F3CCB-39D0-49BF-97CB-3F8CACCACE09}.Release|Any CPU.ActiveCfg = Release|Any CPU
		{121F3CCB-39D0-49BF-97CB-3F8CACCACE09}.Release|Any CPU.Build.0 = Release|Any CPU
		{DECC7183-A323-468A-8E5F-E647251E25BD}.Debug|Any CPU.ActiveCfg = Debug|Any CPU
		{DECC7183-A323-468A-8E5F-E647251E25BD}.Debug|Any CPU.Build.0 = Debug|Any CPU
		{DECC7183-A323-468A-8E5F-E647251E25BD}.Release|Any CPU.ActiveCfg = Release|Any CPU
		{DECC7183-A323-468A-8E5F-E647251E25BD}.Release|Any CPU.Build.0 = Release|Any CPU
	EndGlobalSection
	GlobalSection(SolutionProperties) = preSolution
		HideSolutionNode = FALSE
	EndGlobalSection
EndGlobal
